
Microsoft Visual Studio Solution File, Format Version 12.00
# Visual Studio 2012
Project("{FAE04EC0-301F-11D3-BF4B-00C04F79EFBC}") = "D3Grid.Mvc", "D3Grid.Mvc\D3Grid.Mvc.csproj", "{CFC20DDC-3A2B-40D2-A4DA-19F849D2B262}"
EndProject
Project("{2150E333-8FDC-42A3-9474-1A3956D46DE8}") = ".nuget", ".nuget", "{FE898202-A712-48AD-942E-4EEFC7F0465F}"
	ProjectSection(SolutionItems) = preProject
		.nuget\NuGet.Config = .nuget\NuGet.Config
		.nuget\NuGet.exe = .nuget\NuGet.exe
		.nuget\NuGet.targets = .nuget\NuGet.targets
	EndProjectSection
EndProject
Project("{FAE04EC0-301F-11D3-BF4B-00C04F79EFBC}") = "D3Grid.Core", "D3Grid.Core\D3Grid.Core.csproj", "{EE078702-FF84-4C64-B1B0-F7468D557FEA}"
EndProject
Project("{2150E333-8FDC-42A3-9474-1A3956D46DE8}") = "Examples", "Examples", "{7132B15B-11B4-49EC-BDE5-ED9E94D0FB49}"
EndProject
Project("{FAE04EC0-301F-11D3-BF4B-00C04F79EFBC}") = "D3Grid.Mvc4Demo", "D3Grid.Mvc4Demo\D3Grid.Mvc4Demo.csproj", "{31CB8A7C-6567-419E-B1B9-CA393BFF4270}"
EndProject
Global
	GlobalSection(SolutionConfigurationPlatforms) = preSolution
		Debug|Any CPU = Debug|Any CPU
		Release|Any CPU = Release|Any CPU
	EndGlobalSection
	GlobalSection(ProjectConfigurationPlatforms) = postSolution
		{CFC20DDC-3A2B-40D2-A4DA-19F849D2B262}.Debug|Any CPU.ActiveCfg = Debug|Any CPU
		{CFC20DDC-3A2B-40D2-A4DA-19F849D2B262}.Debug|Any CPU.Build.0 = Debug|Any CPU
		{CFC20DDC-3A2B-40D2-A4DA-19F849D2B262}.Release|Any CPU.ActiveCfg = Release|Any CPU
		{CFC20DDC-3A2B-40D2-A4DA-19F849D2B262}.Release|Any CPU.Build.0 = Release|Any CPU
		{EE078702-FF84-4C64-B1B0-F7468D557FEA}.Debug|Any CPU.ActiveCfg = Debug|Any CPU
		{EE078702-FF84-4C64-B1B0-F7468D557FEA}.Debug|Any CPU.Build.0 = Debug|Any CPU
		{EE078702-FF84-4C64-B1B0-F7468D557FEA}.Release|Any CPU.ActiveCfg = Release|Any CPU
		{EE078702-FF84-4C64-B1B0-F7468D557FEA}.Release|Any CPU.Build.0 = Release|Any CPU
		{31CB8A7C-6567-419E-B1B9-CA393BFF4270}.Debug|Any CPU.ActiveCfg = Debug|Any CPU
		{31CB8A7C-6567-419E-B1B9-CA393BFF4270}.Debug|Any CPU.Build.0 = Debug|Any CPU
		{31CB8A7C-6567-419E-B1B9-CA393BFF4270}.Release|Any CPU.ActiveCfg = Release|Any CPU
		{31CB8A7C-6567-419E-B1B9-CA393BFF4270}.Release|Any CPU.Build.0 = Release|Any CPU
	EndGlobalSection
	GlobalSection(SolutionProperties) = preSolution
		HideSolutionNode = FALSE
	EndGlobalSection
	GlobalSection(NestedProjects) = preSolution
		{31CB8A7C-6567-419E-B1B9-CA393BFF4270} = {7132B15B-11B4-49EC-BDE5-ED9E94D0FB49}
	EndGlobalSection
EndGlobal
