
Microsoft Visual Studio Solution File, Format Version 12.00
# Visual Studio 2012
Project("{FAE04EC0-301F-11D3-BF4B-00C04F79EFBC}") = "D3Grid", "D3Grid\D3Grid.csproj", "{CFC20DDC-3A2B-40D2-A4DA-19F849D2B262}"
EndProject
Global
	GlobalSection(SolutionConfigurationPlatforms) = preSolution
		Debug|Any CPU = Debug|Any CPU
		Release|Any CPU = Release|Any CPU
	EndGlobalSection
	GlobalSection(ProjectConfigurationPlatforms) = postSolution
		{CFC20DDC-3A2B-40D2-A4DA-19F849D2B262}.Debug|Any CPU.ActiveCfg = Debug|Any CPU
		{CFC20DDC-3A2B-40D2-A4DA-19F849D2B262}.Debug|Any CPU.Build.0 = Debug|Any CPU
		{CFC20DDC-3A2B-40D2-A4DA-19F849D2B262}.Release|Any CPU.ActiveCfg = Release|Any CPU
		{CFC20DDC-3A2B-40D2-A4DA-19F849D2B262}.Release|Any CPU.Build.0 = Release|Any CPU
	EndGlobalSection
	GlobalSection(SolutionProperties) = preSolution
		HideSolutionNode = FALSE
	EndGlobalSection
EndGlobal
